
Microsoft Visual Studio Solution File, Format Version 12.00
# Visual Studio Version 17
VisualStudioVersion = 17.13.35919.96
MinimumVisualStudioVersion = 10.0.40219.1
Project("{FAE04EC0-301F-11D3-BF4B-00C04F79EFBC}") = "ProductService", "ProductService\ProductService.csproj", "{0FAB01B6-D575-4539-AF53-63FD8EE89C4E}"
EndProject
Project("{FAE04EC0-301F-11D3-BF4B-00C04F79EFBC}") = "ReviewService", "ReviewService\ReviewService.csproj", "{2BF08A79-0802-483E-AD24-7DBBB8609CC0}"
EndProject
Project("{FAE04EC0-301F-11D3-BF4B-00C04F79EFBC}") = "ApiGateway", "ApiGateway\ApiGateway.csproj", "{A8543AD0-CC5B-4E71-A897-439A204B8398}"
EndProject
Global
	GlobalSection(SolutionConfigurationPlatforms) = preSolution
		Debug|Any CPU = Debug|Any CPU
		Release|Any CPU = Release|Any CPU
	EndGlobalSection
	GlobalSection(ProjectConfigurationPlatforms) = postSolution
		{0FAB01B6-D575-4539-AF53-63FD8EE89C4E}.Debug|Any CPU.ActiveCfg = Debug|Any CPU
		{0FAB01B6-D575-4539-AF53-63FD8EE89C4E}.Debug|Any CPU.Build.0 = Debug|Any CPU
		{0FAB01B6-D575-4539-AF53-63FD8EE89C4E}.Release|Any CPU.ActiveCfg = Release|Any CPU
		{0FAB01B6-D575-4539-AF53-63FD8EE89C4E}.Release|Any CPU.Build.0 = Release|Any CPU
		{2BF08A79-0802-483E-AD24-7DBBB8609CC0}.Debug|Any CPU.ActiveCfg = Debug|Any CPU
		{2BF08A79-0802-483E-AD24-7DBBB8609CC0}.Debug|Any CPU.Build.0 = Debug|Any CPU
		{2BF08A79-0802-483E-AD24-7DBBB8609CC0}.Release|Any CPU.ActiveCfg = Release|Any CPU
		{2BF08A79-0802-483E-AD24-7DBBB8609CC0}.Release|Any CPU.Build.0 = Release|Any CPU
		{A8543AD0-CC5B-4E71-A897-439A204B8398}.Debug|Any CPU.ActiveCfg = Debug|Any CPU
		{A8543AD0-CC5B-4E71-A897-439A204B8398}.Debug|Any CPU.Build.0 = Debug|Any CPU
		{A8543AD0-CC5B-4E71-A897-439A204B8398}.Release|Any CPU.ActiveCfg = Release|Any CPU
		{A8543AD0-CC5B-4E71-A897-439A204B8398}.Release|Any CPU.Build.0 = Release|Any CPU
	EndGlobalSection
	GlobalSection(SolutionProperties) = preSolution
		HideSolutionNode = FALSE
	EndGlobalSection
	GlobalSection(ExtensibilityGlobals) = postSolution
		SolutionGuid = {05F53ED3-3E18-40A7-84DA-F39851E9C067}
	EndGlobalSection
EndGlobal
